// !$*UTF8*$!
{
	archiveVersion = 1;
	classes = {
	};
	objectVersion = 56;
	objects = {

/* Begin PBXBuildFile section */
		65BAF80E2ADDBD230086B823 /* AppDelegate.swift in Sources */ = {isa = PBXBuildFile; fileRef = 65BAF80D2ADDBD230086B823 /* AppDelegate.swift */; };
		65BAF8102ADDBD230086B823 /* SceneDelegate.swift in Sources */ = {isa = PBXBuildFile; fileRef = 65BAF80F2ADDBD230086B823 /* SceneDelegate.swift */; };
		65BAF8122ADDBD230086B823 /* Anasayfa.swift in Sources */ = {isa = PBXBuildFile; fileRef = 65BAF8112ADDBD230086B823 /* Anasayfa.swift */; };
		65BAF8152ADDBD230086B823 /* Main.storyboard in Resources */ = {isa = PBXBuildFile; fileRef = 65BAF8132ADDBD230086B823 /* Main.storyboard */; };
		65BAF8172ADDBD250086B823 /* Assets.xcassets in Resources */ = {isa = PBXBuildFile; fileRef = 65BAF8162ADDBD250086B823 /* Assets.xcassets */; };
		65BAF81A2ADDBD250086B823 /* LaunchScreen.storyboard in Resources */ = {isa = PBXBuildFile; fileRef = 65BAF8182ADDBD250086B823 /* LaunchScreen.storyboard */; };
		65BAF8222ADDBD6A0086B823 /* Urunler Data.swift in Sources */ = {isa = PBXBuildFile; fileRef = 65BAF8212ADDBD6A0086B823 /* Urunler Data.swift */; };
		65BAF8242ADDBE7F0086B823 /* DetaySayfa.swift in Sources */ = {isa = PBXBuildFile; fileRef = 65BAF8232ADDBE7F0086B823 /* DetaySayfa.swift */; };
		65BAF8262ADDC1250086B823 /* UrunlerHucre.swift in Sources */ = {isa = PBXBuildFile; fileRef = 65BAF8252ADDC1250086B823 /* UrunlerHucre.swift */; };
/* End PBXBuildFile section */

/* Begin PBXFileReference section */
		65BAF80A2ADDBD230086B823 /* urunlerApp.app */ = {isa = PBXFileReference; explicitFileType = wrapper.application; includeInIndex = 0; path = urunlerApp.app; sourceTree = BUILT_PRODUCTS_DIR; };
		65BAF80D2ADDBD230086B823 /* AppDelegate.swift */ = {isa = PBXFileReference; lastKnownFileType = sourcecode.swift; path = AppDelegate.swift; sourceTree = "<group>"; };
		65BAF80F2ADDBD230086B823 /* SceneDelegate.swift */ = {isa = PBXFileReference; lastKnownFileType = sourcecode.swift; path = SceneDelegate.swift; sourceTree = "<group>"; };
		65BAF8112ADDBD230086B823 /* Anasayfa.swift */ = {isa = PBXFileReference; lastKnownFileType = sourcecode.swift; path = Anasayfa.swift; sourceTree = "<group>"; };
		65BAF8142ADDBD230086B823 /* Base */ = {isa = PBXFileReference; lastKnownFileType = file.storyboard; name = Base; path = Base.lproj/Main.storyboard; sourceTree = "<group>"; };
		65BAF8162ADDBD250086B823 /* Assets.xcassets */ = {isa = PBXFileReference; lastKnownFileType = folder.assetcatalog; path = Assets.xcassets; sourceTree = "<group>"; };
		65BAF8192ADDBD250086B823 /* Base */ = {isa = PBXFileReference; lastKnownFileType = file.storyboard; name = Base; path = Base.lproj/LaunchScreen.storyboard; sourceTree = "<group>"; };
		65BAF81B2ADDBD250086B823 /* Info.plist */ = {isa = PBXFileReference; lastKnownFileType = text.plist.xml; path = Info.plist; sourceTree = "<group>"; };
		65BAF8212ADDBD6A0086B823 /* Urunler Data.swift */ = {isa = PBXFileReference; lastKnownFileType = sourcecode.swift; path = "Urunler Data.swift"; sourceTree = "<group>"; };
		65BAF8232ADDBE7F0086B823 /* DetaySayfa.swift */ = {isa = PBXFileReference; lastKnownFileType = sourcecode.swift; path = DetaySayfa.swift; sourceTree = "<group>"; };
		65BAF8252ADDC1250086B823 /* UrunlerHucre.swift */ = {isa = PBXFileReference; lastKnownFileType = sourcecode.swift; path = UrunlerHucre.swift; sourceTree = "<group>"; };
/* End PBXFileReference section */

/* Begin PBXFrameworksBuildPhase section */
		65BAF8072ADDBD230086B823 /* Frameworks */ = {
			isa = PBXFrameworksBuildPhase;
			buildActionMask = 2147483647;
			files = (
			);
			runOnlyForDeploymentPostprocessing = 0;
		};
/* End PBXFrameworksBuildPhase section */

/* Begin PBXGroup section */
		65BAF8012ADDBD230086B823 = {
			isa = PBXGroup;
			children = (
				65BAF80C2ADDBD230086B823 /* urunlerApp */,
				65BAF80B2ADDBD230086B823 /* Products */,
			);
			sourceTree = "<group>";
		};
		65BAF80B2ADDBD230086B823 /* Products */ = {
			isa = PBXGroup;
			children = (
				65BAF80A2ADDBD230086B823 /* urunlerApp.app */,
			);
			name = Products;
			sourceTree = "<group>";
		};
		65BAF80C2ADDBD230086B823 /* urunlerApp */ = {
			isa = PBXGroup;
			children = (
				65BAF80D2ADDBD230086B823 /* AppDelegate.swift */,
				65BAF80F2ADDBD230086B823 /* SceneDelegate.swift */,
				65BAF8112ADDBD230086B823 /* Anasayfa.swift */,
				65BAF8232ADDBE7F0086B823 /* DetaySayfa.swift */,
				65BAF8212ADDBD6A0086B823 /* Urunler Data.swift */,
				65BAF8252ADDC1250086B823 /* UrunlerHucre.swift */,
				65BAF8132ADDBD230086B823 /* Main.storyboard */,
				65BAF8162ADDBD250086B823 /* Assets.xcassets */,
				65BAF8182ADDBD250086B823 /* LaunchScreen.storyboard */,
				65BAF81B2ADDBD250086B823 /* Info.plist */,
			);
			path = urunlerApp;
			sourceTree = "<group>";
		};
/* End PBXGroup section */

/* Begin PBXNativeTarget section */
		65BAF8092ADDBD230086B823 /* urunlerApp */ = {
			isa = PBXNativeTarget;
			buildConfigurationList = 65BAF81E2ADDBD250086B823 /* Build configuration list for PBXNativeTarget "urunlerApp" */;
			buildPhases = (
				65BAF8062ADDBD230086B823 /* Sources */,
				65BAF8072ADDBD230086B823 /* Frameworks */,
				65BAF8082ADDBD230086B823 /* Resources */,
			);
			buildRules = (
			);
			dependencies = (
			);
			name = urunlerApp;
			productName = urunlerApp;
			productReference = 65BAF80A2ADDBD230086B823 /* urunlerApp.app */;
			productType = "com.apple.product-type.application";
		};
/* End PBXNativeTarget section */

/* Begin PBXProject section */
		65BAF8022ADDBD230086B823 /* Project object */ = {
			isa = PBXProject;
			attributes = {
				BuildIndependentTargetsInParallel = 1;
				LastSwiftUpdateCheck = 1500;
				LastUpgradeCheck = 1500;
				TargetAttributes = {
					65BAF8092ADDBD230086B823 = {
						CreatedOnToolsVersion = 15.0;
					};
				};
			};
			buildConfigurationList = 65BAF8052ADDBD230086B823 /* Build configuration list for PBXProject "urunlerApp" */;
			compatibilityVersion = "Xcode 14.0";
			developmentRegion = en;
			hasScannedForEncodings = 0;
			knownRegions = (
				en,
				Base,
			);
			mainGroup = 65BAF8012ADDBD230086B823;
			productRefGroup = 65BAF80B2ADDBD230086B823 /* Products */;
			projectDirPath = "";
			projectRoot = "";
			targets = (
				65BAF8092ADDBD230086B823 /* urunlerApp */,
			);
		};
/* End PBXProject section */

/* Begin PBXResourcesBuildPhase section */
		65BAF8082ADDBD230086B823 /* Resources */ = {
			isa = PBXResourcesBuildPhase;
			buildActionMask = 2147483647;
			files = (
				65BAF81A2ADDBD250086B823 /* LaunchScreen.storyboard in Resources */,
				65BAF8172ADDBD250086B823 /* Assets.xcassets in Resources */,
				65BAF8152ADDBD230086B823 /* Main.storyboard in Resources */,
			);
			runOnlyForDeploymentPostprocessing = 0;
		};
/* End PBXResourcesBuildPhase section */

/* Begin PBXSourcesBuildPhase section */
		65BAF8062ADDBD230086B823 /* Sources */ = {
			isa = PBXSourcesBuildPhase;
			buildActionMask = 2147483647;
			files = (
				65BAF8222ADDBD6A0086B823 /* Urunler Data.swift in Sources */,
				65BAF8122ADDBD230086B823 /* Anasayfa.swift in Sources */,
				65BAF80E2ADDBD230086B823 /* AppDelegate.swift in Sources */,
				65BAF8262ADDC1250086B823 /* UrunlerHucre.swift in Sources */,
				65BAF8242ADDBE7F0086B823 /* DetaySayfa.swift in Sources */,
				65BAF8102ADDBD230086B823 /* SceneDelegate.swift in Sources */,
			);
			runOnlyForDeploymentPostprocessing = 0;
		};
/* End PBXSourcesBuildPhase section */

/* Begin PBXVariantGroup section */
		65BAF8132ADDBD230086B823 /* Main.storyboard */ = {
			isa = PBXVariantGroup;
			children = (
				65BAF8142ADDBD230086B823 /* Base */,
			);
			name = Main.storyboard;
			sourceTree = "<group>";
		};
		65BAF8182ADDBD250086B823 /* LaunchScreen.storyboard */ = {
			isa = PBXVariantGroup;
			children = (
				65BAF8192ADDBD250086B823 /* Base */,
			);
			name = LaunchScreen.storyboard;
			sourceTree = "<group>";
		};
/* End PBXVariantGroup section */

/* Begin XCBuildConfiguration section */
		65BAF81C2ADDBD250086B823 /* Debug */ = {
			isa = XCBuildConfiguration;
			buildSettings = {
				ALWAYS_SEARCH_USER_PATHS = NO;
				ASSETCATALOG_COMPILER_GENERATE_SWIFT_ASSET_SYMBOL_EXTENSIONS = YES;
				CLANG_ANALYZER_NONNULL = YES;
				CLANG_ANALYZER_NUMBER_OBJECT_CONVERSION = YES_AGGRESSIVE;
				CLANG_CXX_LANGUAGE_STANDARD = "gnu++20";
				CLANG_ENABLE_MODULES = YES;
				CLANG_ENABLE_OBJC_ARC = YES;
				CLANG_ENABLE_OBJC_WEAK = YES;
				CLANG_WARN_BLOCK_CAPTURE_AUTORELEASING = YES;
				CLANG_WARN_BOOL_CONVERSION = YES;
				CLANG_WARN_COMMA = YES;
				CLANG_WARN_CONSTANT_CONVERSION = YES;
				CLANG_WARN_DEPRECATED_OBJC_IMPLEMENTATIONS = YES;
				CLANG_WARN_DIRECT_OBJC_ISA_USAGE = YES_ERROR;
				CLANG_WARN_DOCUMENTATION_COMMENTS = YES;
				CLANG_WARN_EMPTY_BODY = YES;
				CLANG_WARN_ENUM_CONVERSION = YES;
				CLANG_WARN_INFINITE_RECURSION = YES;
				CLANG_WARN_INT_CONVERSION = YES;
				CLANG_WARN_NON_LITERAL_NULL_CONVERSION = YES;
				CLANG_WARN_OBJC_IMPLICIT_RETAIN_SELF = YES;
				CLANG_WARN_OBJC_LITERAL_CONVERSION = YES;
				CLANG_WARN_OBJC_ROOT_CLASS = YES_ERROR;
				CLANG_WARN_QUOTED_INCLUDE_IN_FRAMEWORK_HEADER = YES;
				CLANG_WARN_RANGE_LOOP_ANALYSIS = YES;
				CLANG_WARN_STRICT_PROTOTYPES = YES;
				CLANG_WARN_SUSPICIOUS_MOVE = YES;
				CLANG_WARN_UNGUARDED_AVAILABILITY = YES_AGGRESSIVE;
				CLANG_WARN_UNREACHABLE_CODE = YES;
				CLANG_WARN__DUPLICATE_METHOD_MATCH = YES;
				COPY_PHASE_STRIP = NO;
				DEBUG_INFORMATION_FORMAT = dwarf;
				ENABLE_STRICT_OBJC_MSGSEND = YES;
				ENABLE_TESTABILITY = YES;
				ENABLE_USER_SCRIPT_SANDBOXING = YES;
				GCC_C_LANGUAGE_STANDARD = gnu17;
				GCC_DYNAMIC_NO_PIC = NO;
				GCC_NO_COMMON_BLOCKS = YES;
				GCC_OPTIMIZATION_LEVEL = 0;
				GCC_PREPROCESSOR_DEFINITIONS = (
					"DEBUG=1",
					"$(inherited)",
				);
				GCC_WARN_64_TO_32_BIT_CONVERSION = YES;
				GCC_WARN_ABOUT_RETURN_TYPE = YES_ERROR;
				GCC_WARN_UNDECLARED_SELECTOR = YES;
				GCC_WARN_UNINITIALIZED_AUTOS = YES_AGGRESSIVE;
				GCC_WARN_UNUSED_FUNCTION = YES;
				GCC_WARN_UNUSED_VARIABLE = YES;
				IPHONEOS_DEPLOYMENT_TARGET = 17.0;
				LOCALIZATION_PREFERS_STRING_CATALOGS = YES;
				MTL_ENABLE_DEBUG_INFO = INCLUDE_SOURCE;
				MTL_FAST_MATH = YES;
				ONLY_ACTIVE_ARCH = YES;
				SDKROOT = iphoneos;
				SWIFT_ACTIVE_COMPILATION_CONDITIONS = "DEBUG $(inherited)";
				SWIFT_OPTIMIZATION_LEVEL = "-Onone";
			};
			name = Debug;
		};
		65BAF81D2ADDBD250086B823 /* Release */ = {
			isa = XCBuildConfiguration;
			buildSettings = {
				ALWAYS_SEARCH_USER_PATHS = NO;
				ASSETCATALOG_COMPILER_GENERATE_SWIFT_ASSET_SYMBOL_EXTENSIONS = YES;
				CLANG_ANALYZER_NONNULL = YES;
				CLANG_ANALYZER_NUMBER_OBJECT_CONVERSION = YES_AGGRESSIVE;
				CLANG_CXX_LANGUAGE_STANDARD = "gnu++20";
				CLANG_ENABLE_MODULES = YES;
				CLANG_ENABLE_OBJC_ARC = YES;
				CLANG_ENABLE_OBJC_WEAK = YES;
				CLANG_WARN_BLOCK_CAPTURE_AUTORELEASING = YES;
				CLANG_WARN_BOOL_CONVERSION = YES;
				CLANG_WARN_COMMA = YES;
				CLANG_WARN_CONSTANT_CONVERSION = YES;
				CLANG_WARN_DEPRECATED_OBJC_IMPLEMENTATIONS = YES;
				CLANG_WARN_DIRECT_OBJC_ISA_USAGE = YES_ERROR;
				CLANG_WARN_DOCUMENTATION_COMMENTS = YES;
				CLANG_WARN_EMPTY_BODY = YES;
				CLANG_WARN_ENUM_CONVERSION = YES;
				CLANG_WARN_INFINITE_RECURSION = YES;
				CLANG_WARN_INT_CONVERSION = YES;
				CLANG_WARN_NON_LITERAL_NULL_CONVERSION = YES;
				CLANG_WARN_OBJC_IMPLICIT_RETAIN_SELF = YES;
				CLANG_WARN_OBJC_LITERAL_CONVERSION = YES;
				CLANG_WARN_OBJC_ROOT_CLASS = YES_ERROR;
				CLANG_WARN_QUOTED_INCLUDE_IN_FRAMEWORK_HEADER = YES;
				CLANG_WARN_RANGE_LOOP_ANALYSIS = YES;
				CLANG_WARN_STRICT_PROTOTYPES = YES;
				CLANG_WARN_SUSPICIOUS_MOVE = YES;
				CLANG_WARN_UNGUARDED_AVAILABILITY = YES_AGGRESSIVE;
				CLANG_WARN_UNREACHABLE_CODE = YES;
				CLANG_WARN__DUPLICATE_METHOD_MATCH = YES;
				COPY_PHASE_STRIP = NO;
				DEBUG_INFORMATION_FORMAT = "dwarf-with-dsym";
				ENABLE_NS_ASSERTIONS = NO;
				ENABLE_STRICT_OBJC_MSGSEND = YES;
				ENABLE_USER_SCRIPT_SANDBOXING = YES;
				GCC_C_LANGUAGE_STANDARD = gnu17;
				GCC_NO_COMMON_BLOCKS = YES;
				GCC_WARN_64_TO_32_BIT_CONVERSION = YES;
				GCC_WARN_ABOUT_RETURN_TYPE = YES_ERROR;
				GCC_WARN_UNDECLARED_SELECTOR = YES;
				GCC_WARN_UNINITIALIZED_AUTOS = YES_AGGRESSIVE;
				GCC_WARN_UNUSED_FUNCTION = YES;
				GCC_WARN_UNUSED_VARIABLE = YES;
				IPHONEOS_DEPLOYMENT_TARGET = 17.0;
				LOCALIZATION_PREFERS_STRING_CATALOGS = YES;
				MTL_ENABLE_DEBUG_INFO = NO;
				MTL_FAST_MATH = YES;
				SDKROOT = iphoneos;
				SWIFT_COMPILATION_MODE = wholemodule;
				VALIDATE_PRODUCT = YES;
			};
			name = Release;
		};
		65BAF81F2ADDBD250086B823 /* Debug */ = {
			isa = XCBuildConfiguration;
			buildSettings = {
				ASSETCATALOG_COMPILER_APPICON_NAME = AppIcon;
				ASSETCATALOG_COMPILER_GLOBAL_ACCENT_COLOR_NAME = AccentColor;
				ASSETCATALOG_COMPILER_INCLUDE_ALL_APPICON_ASSETS = YES;
				CODE_SIGN_STYLE = Automatic;
				CURRENT_PROJECT_VERSION = 1;
				DEVELOPMENT_TEAM = Y9XJT8FRMC;
				GENERATE_INFOPLIST_FILE = YES;
				INFOPLIST_FILE = urunlerApp/Info.plist;
				INFOPLIST_KEY_UIApplicationSupportsIndirectInputEvents = YES;
				INFOPLIST_KEY_UILaunchStoryboardName = LaunchScreen;
				INFOPLIST_KEY_UIMainStoryboardFile = Main;
				INFOPLIST_KEY_UISupportedInterfaceOrientations_iPad = "UIInterfaceOrientationPortrait UIInterfaceOrientationPortraitUpsideDown UIInterfaceOrientationLandscapeLeft UIInterfaceOrientationLandscapeRight";
				INFOPLIST_KEY_UISupportedInterfaceOrientations_iPhone = "UIInterfaceOrientationPortrait UIInterfaceOrientationLandscapeLeft UIInterfaceOrientationLandscapeRight";
				LD_RUNPATH_SEARCH_PATHS = (
					"$(inherited)",
					"@executable_path/Frameworks",
				);
				MARKETING_VERSION = 1.0;
				PRODUCT_BUNDLE_IDENTIFIER = com.furkancingoz.urunlerApp;
				PRODUCT_NAME = "$(TARGET_NAME)";
				SWIFT_EMIT_LOC_STRINGS = YES;
				SWIFT_VERSION = 5.0;
				TARGETED_DEVICE_FAMILY = "1,2";
			};
			name = Debug;
		};
		65BAF8202ADDBD250086B823 /* Release */ = {
			isa = XCBuildConfiguration;
			buildSettings = {
				ASSETCATALOG_COMPILER_APPICON_NAME = AppIcon;
				ASSETCATALOG_COMPILER_GLOBAL_ACCENT_COLOR_NAME = AccentColor;
				ASSETCATALOG_COMPILER_INCLUDE_ALL_APPICON_ASSETS = YES;
				CODE_SIGN_STYLE = Automatic;
				CURRENT_PROJECT_VERSION = 1;
				DEVELOPMENT_TEAM = Y9XJT8FRMC;
				GENERATE_INFOPLIST_FILE = YES;
				INFOPLIST_FILE = urunlerApp/Info.plist;
				INFOPLIST_KEY_UIApplicationSupportsIndirectInputEvents = YES;
				INFOPLIST_KEY_UILaunchStoryboardName = LaunchScreen;
				INFOPLIST_KEY_UIMainStoryboardFile = Main;
				INFOPLIST_KEY_UISupportedInterfaceOrientations_iPad = "UIInterfaceOrientationPortrait UIInterfaceOrientationPortraitUpsideDown UIInterfaceOrientationLandscapeLeft UIInterfaceOrientationLandscapeRight";
				INFOPLIST_KEY_UISupportedInterfaceOrientations_iPhone = "UIInterfaceOrientationPortrait UIInterfaceOrientationLandscapeLeft UIInterfaceOrientationLandscapeRight";
				LD_RUNPATH_SEARCH_PATHS = (
					"$(inherited)",
					"@executable_path/Frameworks",
				);
				MARKETING_VERSION = 1.0;
				PRODUCT_BUNDLE_IDENTIFIER = com.furkancingoz.urunlerApp;
				PRODUCT_NAME = "$(TARGET_NAME)";
				SWIFT_EMIT_LOC_STRINGS = YES;
				SWIFT_VERSION = 5.0;
				TARGETED_DEVICE_FAMILY = "1,2";
			};
			name = Release;
		};
/* End XCBuildConfiguration section */

/* Begin XCConfigurationList section */
		65BAF8052ADDBD230086B823 /* Build configuration list for PBXProject "urunlerApp" */ = {
			isa = XCConfigurationList;
			buildConfigurations = (
				65BAF81C2ADDBD250086B823 /* Debug */,
				65BAF81D2ADDBD250086B823 /* Release */,
			);
			defaultConfigurationIsVisible = 0;
			defaultConfigurationName = Release;
		};
		65BAF81E2ADDBD250086B823 /* Build configuration list for PBXNativeTarget "urunlerApp" */ = {
			isa = XCConfigurationList;
			buildConfigurations = (
				65BAF81F2ADDBD250086B823 /* Debug */,
				65BAF8202ADDBD250086B823 /* Release */,
			);
			defaultConfigurationIsVisible = 0;
			defaultConfigurationName = Release;
		};
/* End XCConfigurationList section */
	};
	rootObject = 65BAF8022ADDBD230086B823 /* Project object */;
}
